
Microsoft Visual Studio Solution File, Format Version 12.00
# Visual Studio Version 16
VisualStudioVersion = 16.0.30002.166
MinimumVisualStudioVersion = 10.0.40219.1
Project("{8BC9CEB8-8B4A-11D0-8D11-00A0C91BC942}") = "230707_DeviceDriver", "230707_DeviceDriver\230707_DeviceDriver.vcxproj", "{6640BBB1-ABFC-42AF-B527-FE2A529192AC}"
EndProject
Project("{8BC9CEB8-8B4A-11D0-8D11-00A0C91BC942}") = "Sample-Test1", "Sample-Test1\Sample-Test1.vcxproj", "{DB712D29-AE82-42FE-AF75-8A612B7EE03B}"
EndProject
Project("{2150E333-8FDC-42A3-9474-1A3956D46DE8}") = "Solution Items", "Solution Items", "{00E8FF12-2791-4F9E-AEB1-83FA772D807F}"
	ProjectSection(SolutionItems) = preProject
		.gitignore = .gitignore
		README.md = README.md
	EndProjectSection
EndProject
Global
	GlobalSection(SolutionConfigurationPlatforms) = preSolution
		Debug|x64 = Debug|x64
		Debug|x86 = Debug|x86
		Release|x64 = Release|x64
		Release|x86 = Release|x86
	EndGlobalSection
	GlobalSection(ProjectConfigurationPlatforms) = postSolution
		{6640BBB1-ABFC-42AF-B527-FE2A529192AC}.Debug|x64.ActiveCfg = Debug|x64
		{6640BBB1-ABFC-42AF-B527-FE2A529192AC}.Debug|x64.Build.0 = Debug|x64
		{6640BBB1-ABFC-42AF-B527-FE2A529192AC}.Debug|x86.ActiveCfg = Debug|Win32
		{6640BBB1-ABFC-42AF-B527-FE2A529192AC}.Debug|x86.Build.0 = Debug|Win32
		{6640BBB1-ABFC-42AF-B527-FE2A529192AC}.Release|x64.ActiveCfg = Release|x64
		{6640BBB1-ABFC-42AF-B527-FE2A529192AC}.Release|x64.Build.0 = Release|x64
		{6640BBB1-ABFC-42AF-B527-FE2A529192AC}.Release|x86.ActiveCfg = Release|Win32
		{6640BBB1-ABFC-42AF-B527-FE2A529192AC}.Release|x86.Build.0 = Release|Win32
		{DB712D29-AE82-42FE-AF75-8A612B7EE03B}.Debug|x64.ActiveCfg = Debug|x64
		{DB712D29-AE82-42FE-AF75-8A612B7EE03B}.Debug|x64.Build.0 = Debug|x64
		{DB712D29-AE82-42FE-AF75-8A612B7EE03B}.Debug|x86.ActiveCfg = Debug|Win32
		{DB712D29-AE82-42FE-AF75-8A612B7EE03B}.Debug|x86.Build.0 = Debug|Win32
		{DB712D29-AE82-42FE-AF75-8A612B7EE03B}.Release|x64.ActiveCfg = Release|x64
		{DB712D29-AE82-42FE-AF75-8A612B7EE03B}.Release|x64.Build.0 = Release|x64
		{DB712D29-AE82-42FE-AF75-8A612B7EE03B}.Release|x86.ActiveCfg = Release|Win32
		{DB712D29-AE82-42FE-AF75-8A612B7EE03B}.Release|x86.Build.0 = Release|Win32
	EndGlobalSection
	GlobalSection(SolutionProperties) = preSolution
		HideSolutionNode = FALSE
	EndGlobalSection
	GlobalSection(ExtensibilityGlobals) = postSolution
		SolutionGuid = {0CE5911F-302B-4657-AD59-7452E1B47FF4}
	EndGlobalSection
EndGlobal
